
Microsoft Visual Studio Solution File, Format Version 12.00
# Visual Studio Version 17
VisualStudioVersion = 17.12.35527.113 d17.12
MinimumVisualStudioVersion = 10.0.40219.1
Project("{FAE04EC0-301F-11D3-BF4B-00C04F79EFBC}") = "SkinetAPI", "SkinetAPI.csproj", "{D62269EA-CD1E-4D09-BE7F-55A0BFF231C6}"
EndProject
Project("{FAE04EC0-301F-11D3-BF4B-00C04F79EFBC}") = "Core", "..\Core\Core.csproj", "{F667EFE1-0017-4729-9CDB-706723678A3E}"
EndProject
Project("{FAE04EC0-301F-11D3-BF4B-00C04F79EFBC}") = "Infrastructure", "..\Infrastructure\Infrastructure.csproj", "{A9F39D44-876A-40DC-A708-C19EE557A15A}"
EndProject
Global
	GlobalSection(SolutionConfigurationPlatforms) = preSolution
		Debug|Any CPU = Debug|Any CPU
		Release|Any CPU = Release|Any CPU
	EndGlobalSection
	GlobalSection(ProjectConfigurationPlatforms) = postSolution
		{D62269EA-CD1E-4D09-BE7F-55A0BFF231C6}.Debug|Any CPU.ActiveCfg = Debug|Any CPU
		{D62269EA-CD1E-4D09-BE7F-55A0BFF231C6}.Debug|Any CPU.Build.0 = Debug|Any CPU
		{D62269EA-CD1E-4D09-BE7F-55A0BFF231C6}.Release|Any CPU.ActiveCfg = Release|Any CPU
		{D62269EA-CD1E-4D09-BE7F-55A0BFF231C6}.Release|Any CPU.Build.0 = Release|Any CPU
		{F667EFE1-0017-4729-9CDB-706723678A3E}.Debug|Any CPU.ActiveCfg = Debug|Any CPU
		{F667EFE1-0017-4729-9CDB-706723678A3E}.Debug|Any CPU.Build.0 = Debug|Any CPU
		{F667EFE1-0017-4729-9CDB-706723678A3E}.Release|Any CPU.ActiveCfg = Release|Any CPU
		{F667EFE1-0017-4729-9CDB-706723678A3E}.Release|Any CPU.Build.0 = Release|Any CPU
		{A9F39D44-876A-40DC-A708-C19EE557A15A}.Debug|Any CPU.ActiveCfg = Debug|Any CPU
		{A9F39D44-876A-40DC-A708-C19EE557A15A}.Debug|Any CPU.Build.0 = Debug|Any CPU
		{A9F39D44-876A-40DC-A708-C19EE557A15A}.Release|Any CPU.ActiveCfg = Release|Any CPU
		{A9F39D44-876A-40DC-A708-C19EE557A15A}.Release|Any CPU.Build.0 = Release|Any CPU
	EndGlobalSection
	GlobalSection(SolutionProperties) = preSolution
		HideSolutionNode = FALSE
	EndGlobalSection
EndGlobal
